// !$*UTF8*$!
{
	archiveVersion = 1;
	classes = {
	};
	objectVersion = 50;
	objects = {

/* Begin PBXBuildFile section */
		49AC5F7525706B990012052F /* ImageDisplayControllerTests.swift in Sources */ = {isa = PBXBuildFile; fileRef = 49AC5F7425706B990012052F /* ImageDisplayControllerTests.swift */; };
		49E1D14325707B0900741F61 /* MenuViewControllerTests.swift in Sources */ = {isa = PBXBuildFile; fileRef = 49E1D14225707B0900741F61 /* MenuViewControllerTests.swift */; };
		49E1D14925707F0E00741F61 /* main.swift in Sources */ = {isa = PBXBuildFile; fileRef = 49E1D14825707F0E00741F61 /* main.swift */; };
		6816E8BC25661821007166CB /* AppDelegate.swift in Sources */ = {isa = PBXBuildFile; fileRef = 6816E8BB25661821007166CB /* AppDelegate.swift */; };
		6816E8BE25661821007166CB /* SceneDelegate.swift in Sources */ = {isa = PBXBuildFile; fileRef = 6816E8BD25661821007166CB /* SceneDelegate.swift */; };
		6816E8C025661821007166CB /* ListViewController.swift in Sources */ = {isa = PBXBuildFile; fileRef = 6816E8BF25661821007166CB /* ListViewController.swift */; };
		6816E8C525661822007166CB /* Assets.xcassets in Resources */ = {isa = PBXBuildFile; fileRef = 6816E8C425661822007166CB /* Assets.xcassets */; };
		6816E8C825661822007166CB /* LaunchScreen.storyboard in Resources */ = {isa = PBXBuildFile; fileRef = 6816E8C625661822007166CB /* LaunchScreen.storyboard */; };
		6816E8F625663C0F007166CB /* Main.storyboard in Resources */ = {isa = PBXBuildFile; fileRef = 6816E8F525663C0F007166CB /* Main.storyboard */; };
		6845E36F256B1C3F002BF781 /* MenuViewController.swift in Sources */ = {isa = PBXBuildFile; fileRef = 6845E36E256B1C3F002BF781 /* MenuViewController.swift */; };
		6845E37B256B3C84002BF781 /* MHButton.swift in Sources */ = {isa = PBXBuildFile; fileRef = 6845E37A256B3C84002BF781 /* MHButton.swift */; };
		6866EDAD25663F0000105E06 /* RestaurantSample.json in Resources */ = {isa = PBXBuildFile; fileRef = 6866EDAC25663EFF00105E06 /* RestaurantSample.json */; };
		6866EDFE256648DB00105E06 /* Extensions.swift in Sources */ = {isa = PBXBuildFile; fileRef = 6866EDF7256648DB00105E06 /* Extensions.swift */; };
		6866EDFF256648DB00105E06 /* UIImage+Extensions.swift in Sources */ = {isa = PBXBuildFile; fileRef = 6866EDF8256648DB00105E06 /* UIImage+Extensions.swift */; };
		6866EE00256648DB00105E06 /* UIColor+Extensions.swift in Sources */ = {isa = PBXBuildFile; fileRef = 6866EDF9256648DB00105E06 /* UIColor+Extensions.swift */; };
		6866EE01256648DB00105E06 /* UIButton+Extensions.swift in Sources */ = {isa = PBXBuildFile; fileRef = 6866EDFA256648DB00105E06 /* UIButton+Extensions.swift */; };
		6866EE02256648DB00105E06 /* UIView+Extensions.swift in Sources */ = {isa = PBXBuildFile; fileRef = 6866EDFB256648DB00105E06 /* UIView+Extensions.swift */; };
		6866EE03256648DB00105E06 /* UIStackView+Extensions.swift in Sources */ = {isa = PBXBuildFile; fileRef = 6866EDFC256648DB00105E06 /* UIStackView+Extensions.swift */; };
		6866EE04256648DB00105E06 /* UIViewController+Extensions.swift in Sources */ = {isa = PBXBuildFile; fileRef = 6866EDFD256648DB00105E06 /* UIViewController+Extensions.swift */; };
		68EFB7E0256C76CF006037A3 /* JSONParsingModelTests.swift in Sources */ = {isa = PBXBuildFile; fileRef = 68EFB7DF256C76CF006037A3 /* JSONParsingModelTests.swift */; };
		68EFB803256C7D90006037A3 /* Meal.swift in Sources */ = {isa = PBXBuildFile; fileRef = 68EFB802256C7D90006037A3 /* Meal.swift */; };
		68EFB924256D984A006037A3 /* TestSample.json in Resources */ = {isa = PBXBuildFile; fileRef = 68EFB923256D984A006037A3 /* TestSample.json */; };
		68EFB92C256D9896006037A3 /* MockClasses.swift in Sources */ = {isa = PBXBuildFile; fileRef = 68EFB92B256D9896006037A3 /* MockClasses.swift */; };
		68EFB934256D9978006037A3 /* Constants.swift in Sources */ = {isa = PBXBuildFile; fileRef = 68EFB933256D9978006037A3 /* Constants.swift */; };
		68EFBA8D256DB62C006037A3 /* ImageDisplayModelTests.swift in Sources */ = {isa = PBXBuildFile; fileRef = 68EFBA8C256DB62C006037A3 /* ImageDisplayModelTests.swift */; };
		68EFBAA3256E1D07006037A3 /* JSONParsingControllerTests.swift in Sources */ = {isa = PBXBuildFile; fileRef = 68EFBAA2256E1D07006037A3 /* JSONParsingControllerTests.swift */; };
		68F772992567A05F001FA363 /* ListTableViewCell.swift in Sources */ = {isa = PBXBuildFile; fileRef = 68F772982567A05F001FA363 /* ListTableViewCell.swift */; };
		68F772A22567A256001FA363 /* JSONHelper.swift in Sources */ = {isa = PBXBuildFile; fileRef = 68F772A12567A256001FA363 /* JSONHelper.swift */; };
		68F772BE2567A77F001FA363 /* Restaurant.swift in Sources */ = {isa = PBXBuildFile; fileRef = 68F772BD2567A77F001FA363 /* Restaurant.swift */; };
		68F772CF25685925001FA363 /* ImageLoader.swift in Sources */ = {isa = PBXBuildFile; fileRef = 68F772CE25685925001FA363 /* ImageLoader.swift */; };
		68F772DA2569EBBE001FA363 /* ListDetailViewController.swift in Sources */ = {isa = PBXBuildFile; fileRef = 68F772D92569EBBE001FA363 /* ListDetailViewController.swift */; };
		68F772E42569F46A001FA363 /* RatingView.swift in Sources */ = {isa = PBXBuildFile; fileRef = 68F772E32569F46A001FA363 /* RatingView.swift */; };
		68F772F22569F697001FA363 /* ImageDisplayViewController.swift in Sources */ = {isa = PBXBuildFile; fileRef = 68F772F12569F697001FA363 /* ImageDisplayViewController.swift */; };
/* End PBXBuildFile section */

/* Begin PBXContainerItemProxy section */
		6816E8CF25661822007166CB /* PBXContainerItemProxy */ = {
			isa = PBXContainerItemProxy;
			containerPortal = 6816E8B025661821007166CB /* Project object */;
			proxyType = 1;
			remoteGlobalIDString = 6816E8B725661821007166CB;
			remoteInfo = InterviewPractices;
		};
/* End PBXContainerItemProxy section */

/* Begin PBXFileReference section */
		49AC5F7425706B990012052F /* ImageDisplayControllerTests.swift */ = {isa = PBXFileReference; lastKnownFileType = sourcecode.swift; path = ImageDisplayControllerTests.swift; sourceTree = "<group>"; };
		49E1D14225707B0900741F61 /* MenuViewControllerTests.swift */ = {isa = PBXFileReference; lastKnownFileType = sourcecode.swift; path = MenuViewControllerTests.swift; sourceTree = "<group>"; };
		49E1D14825707F0E00741F61 /* main.swift */ = {isa = PBXFileReference; lastKnownFileType = sourcecode.swift; path = main.swift; sourceTree = "<group>"; };
		6816E8B825661821007166CB /* InterviewPractices.app */ = {isa = PBXFileReference; explicitFileType = wrapper.application; includeInIndex = 0; path = InterviewPractices.app; sourceTree = BUILT_PRODUCTS_DIR; };
		6816E8BB25661821007166CB /* AppDelegate.swift */ = {isa = PBXFileReference; lastKnownFileType = sourcecode.swift; path = AppDelegate.swift; sourceTree = "<group>"; };
		6816E8BD25661821007166CB /* SceneDelegate.swift */ = {isa = PBXFileReference; lastKnownFileType = sourcecode.swift; path = SceneDelegate.swift; sourceTree = "<group>"; };
		6816E8BF25661821007166CB /* ListViewController.swift */ = {isa = PBXFileReference; lastKnownFileType = sourcecode.swift; path = ListViewController.swift; sourceTree = "<group>"; };
		6816E8C425661822007166CB /* Assets.xcassets */ = {isa = PBXFileReference; lastKnownFileType = folder.assetcatalog; path = Assets.xcassets; sourceTree = "<group>"; };
		6816E8C725661822007166CB /* Base */ = {isa = PBXFileReference; lastKnownFileType = file.storyboard; name = Base; path = Base.lproj/LaunchScreen.storyboard; sourceTree = "<group>"; };
		6816E8C925661822007166CB /* Info.plist */ = {isa = PBXFileReference; lastKnownFileType = text.plist.xml; path = Info.plist; sourceTree = "<group>"; };
		6816E8CE25661822007166CB /* InterviewPracticesTests.xctest */ = {isa = PBXFileReference; explicitFileType = wrapper.cfbundle; includeInIndex = 0; path = InterviewPracticesTests.xctest; sourceTree = BUILT_PRODUCTS_DIR; };
		6816E8D425661822007166CB /* Info.plist */ = {isa = PBXFileReference; lastKnownFileType = text.plist.xml; path = Info.plist; sourceTree = "<group>"; };
		6816E8F525663C0F007166CB /* Main.storyboard */ = {isa = PBXFileReference; fileEncoding = 4; lastKnownFileType = file.storyboard; path = Main.storyboard; sourceTree = "<group>"; };
		6845E36E256B1C3F002BF781 /* MenuViewController.swift */ = {isa = PBXFileReference; lastKnownFileType = sourcecode.swift; path = MenuViewController.swift; sourceTree = "<group>"; };
		6845E37A256B3C84002BF781 /* MHButton.swift */ = {isa = PBXFileReference; lastKnownFileType = sourcecode.swift; path = MHButton.swift; sourceTree = "<group>"; };
		6866EDAC25663EFF00105E06 /* RestaurantSample.json */ = {isa = PBXFileReference; fileEncoding = 4; lastKnownFileType = text.json; path = RestaurantSample.json; sourceTree = "<group>"; };
		6866EDF7256648DB00105E06 /* Extensions.swift */ = {isa = PBXFileReference; fileEncoding = 4; lastKnownFileType = sourcecode.swift; path = Extensions.swift; sourceTree = "<group>"; };
		6866EDF8256648DB00105E06 /* UIImage+Extensions.swift */ = {isa = PBXFileReference; fileEncoding = 4; lastKnownFileType = sourcecode.swift; path = "UIImage+Extensions.swift"; sourceTree = "<group>"; };
		6866EDF9256648DB00105E06 /* UIColor+Extensions.swift */ = {isa = PBXFileReference; fileEncoding = 4; lastKnownFileType = sourcecode.swift; path = "UIColor+Extensions.swift"; sourceTree = "<group>"; };
		6866EDFA256648DB00105E06 /* UIButton+Extensions.swift */ = {isa = PBXFileReference; fileEncoding = 4; lastKnownFileType = sourcecode.swift; path = "UIButton+Extensions.swift"; sourceTree = "<group>"; };
		6866EDFB256648DB00105E06 /* UIView+Extensions.swift */ = {isa = PBXFileReference; fileEncoding = 4; lastKnownFileType = sourcecode.swift; path = "UIView+Extensions.swift"; sourceTree = "<group>"; };
		6866EDFC256648DB00105E06 /* UIStackView+Extensions.swift */ = {isa = PBXFileReference; fileEncoding = 4; lastKnownFileType = sourcecode.swift; path = "UIStackView+Extensions.swift"; sourceTree = "<group>"; };
		6866EDFD256648DB00105E06 /* UIViewController+Extensions.swift */ = {isa = PBXFileReference; fileEncoding = 4; lastKnownFileType = sourcecode.swift; path = "UIViewController+Extensions.swift"; sourceTree = "<group>"; };
		68EFB7DF256C76CF006037A3 /* JSONParsingModelTests.swift */ = {isa = PBXFileReference; lastKnownFileType = sourcecode.swift; path = JSONParsingModelTests.swift; sourceTree = "<group>"; };
		68EFB802256C7D90006037A3 /* Meal.swift */ = {isa = PBXFileReference; lastKnownFileType = sourcecode.swift; path = Meal.swift; sourceTree = "<group>"; };
		68EFB923256D984A006037A3 /* TestSample.json */ = {isa = PBXFileReference; fileEncoding = 4; lastKnownFileType = text.json; path = TestSample.json; sourceTree = "<group>"; };
		68EFB92B256D9896006037A3 /* MockClasses.swift */ = {isa = PBXFileReference; lastKnownFileType = sourcecode.swift; path = MockClasses.swift; sourceTree = "<group>"; };
		68EFB933256D9978006037A3 /* Constants.swift */ = {isa = PBXFileReference; lastKnownFileType = sourcecode.swift; path = Constants.swift; sourceTree = "<group>"; };
		68EFBA8C256DB62C006037A3 /* ImageDisplayModelTests.swift */ = {isa = PBXFileReference; lastKnownFileType = sourcecode.swift; path = ImageDisplayModelTests.swift; sourceTree = "<group>"; };
		68EFBAA2256E1D07006037A3 /* JSONParsingControllerTests.swift */ = {isa = PBXFileReference; lastKnownFileType = sourcecode.swift; path = JSONParsingControllerTests.swift; sourceTree = "<group>"; };
		68F772982567A05F001FA363 /* ListTableViewCell.swift */ = {isa = PBXFileReference; lastKnownFileType = sourcecode.swift; path = ListTableViewCell.swift; sourceTree = "<group>"; };
		68F772A12567A256001FA363 /* JSONHelper.swift */ = {isa = PBXFileReference; lastKnownFileType = sourcecode.swift; path = JSONHelper.swift; sourceTree = "<group>"; };
		68F772BD2567A77F001FA363 /* Restaurant.swift */ = {isa = PBXFileReference; lastKnownFileType = sourcecode.swift; path = Restaurant.swift; sourceTree = "<group>"; };
		68F772CE25685925001FA363 /* ImageLoader.swift */ = {isa = PBXFileReference; lastKnownFileType = sourcecode.swift; path = ImageLoader.swift; sourceTree = "<group>"; };
		68F772D92569EBBE001FA363 /* ListDetailViewController.swift */ = {isa = PBXFileReference; lastKnownFileType = sourcecode.swift; path = ListDetailViewController.swift; sourceTree = "<group>"; };
		68F772E32569F46A001FA363 /* RatingView.swift */ = {isa = PBXFileReference; lastKnownFileType = sourcecode.swift; path = RatingView.swift; sourceTree = "<group>"; };
		68F772F12569F697001FA363 /* ImageDisplayViewController.swift */ = {isa = PBXFileReference; lastKnownFileType = sourcecode.swift; path = ImageDisplayViewController.swift; sourceTree = "<group>"; };
/* End PBXFileReference section */

/* Begin PBXFrameworksBuildPhase section */
		6816E8B525661821007166CB /* Frameworks */ = {
			isa = PBXFrameworksBuildPhase;
			buildActionMask = 2147483647;
			files = (
			);
			runOnlyForDeploymentPostprocessing = 0;
		};
		6816E8CB25661822007166CB /* Frameworks */ = {
			isa = PBXFrameworksBuildPhase;
			buildActionMask = 2147483647;
			files = (
			);
			runOnlyForDeploymentPostprocessing = 0;
		};
/* End PBXFrameworksBuildPhase section */

/* Begin PBXGroup section */
		6816E8AF25661821007166CB = {
			isa = PBXGroup;
			children = (
				6816E8BA25661821007166CB /* InterviewPractices */,
				6816E8D125661822007166CB /* InterviewPracticesTests */,
				6816E8B925661821007166CB /* Products */,
			);
			sourceTree = "<group>";
		};
		6816E8B925661821007166CB /* Products */ = {
			isa = PBXGroup;
			children = (
				6816E8B825661821007166CB /* InterviewPractices.app */,
				6816E8CE25661822007166CB /* InterviewPracticesTests.xctest */,
			);
			name = Products;
			sourceTree = "<group>";
		};
		6816E8BA25661821007166CB /* InterviewPractices */ = {
			isa = PBXGroup;
			children = (
				68F772C825683F18001FA363 /* ImageLoadingExample */,
				6816E8EE25661842007166CB /* JSONParsingExample */,
				6845E36E256B1C3F002BF781 /* MenuViewController.swift */,
				49E1D14825707F0E00741F61 /* main.swift */,
				6816E8BB25661821007166CB /* AppDelegate.swift */,
				6816E8BD25661821007166CB /* SceneDelegate.swift */,
				6845E379256B3C2A002BF781 /* Shared */,
				6866EDB1256642E200105E06 /* Extensions */,
				6866EDB2256642F200105E06 /* Supporting Files */,
				6816E8C925661822007166CB /* Info.plist */,
			);
			path = InterviewPractices;
			sourceTree = "<group>";
		};
		6816E8D125661822007166CB /* InterviewPracticesTests */ = {
			isa = PBXGroup;
			children = (
				68EFB92B256D9896006037A3 /* MockClasses.swift */,
				49E1D14225707B0900741F61 /* MenuViewControllerTests.swift */,
				68EFB7DF256C76CF006037A3 /* JSONParsingModelTests.swift */,
				68EFBAA2256E1D07006037A3 /* JSONParsingControllerTests.swift */,
				68EFBA8C256DB62C006037A3 /* ImageDisplayModelTests.swift */,
				49AC5F7425706B990012052F /* ImageDisplayControllerTests.swift */,
				68EFB923256D984A006037A3 /* TestSample.json */,
				6816E8D425661822007166CB /* Info.plist */,
			);
			path = InterviewPracticesTests;
			sourceTree = "<group>";
		};
		6816E8EE25661842007166CB /* JSONParsingExample */ = {
			isa = PBXGroup;
			children = (
				68F772A02567A231001FA363 /* Models */,
				68F772E12569F418001FA363 /* Views */,
				68F772E22569F438001FA363 /* Controllers */,
			);
			path = JSONParsingExample;
			sourceTree = "<group>";
		};
		6845E379256B3C2A002BF781 /* Shared */ = {
			isa = PBXGroup;
			children = (
				6845E37A256B3C84002BF781 /* MHButton.swift */,
				68EFB933256D9978006037A3 /* Constants.swift */,
			);
			path = Shared;
			sourceTree = "<group>";
		};
		6866EDB1256642E200105E06 /* Extensions */ = {
			isa = PBXGroup;
			children = (
				6866EDF7256648DB00105E06 /* Extensions.swift */,
				6866EDFA256648DB00105E06 /* UIButton+Extensions.swift */,
				6866EDF9256648DB00105E06 /* UIColor+Extensions.swift */,
				6866EDF8256648DB00105E06 /* UIImage+Extensions.swift */,
				6866EDFC256648DB00105E06 /* UIStackView+Extensions.swift */,
				6866EDFB256648DB00105E06 /* UIView+Extensions.swift */,
				6866EDFD256648DB00105E06 /* UIViewController+Extensions.swift */,
			);
			path = Extensions;
			sourceTree = "<group>";
		};
		6866EDB2256642F200105E06 /* Supporting Files */ = {
			isa = PBXGroup;
			children = (
				6816E8C425661822007166CB /* Assets.xcassets */,
				6816E8F525663C0F007166CB /* Main.storyboard */,
				6816E8C625661822007166CB /* LaunchScreen.storyboard */,
			);
			path = "Supporting Files";
			sourceTree = "<group>";
		};
		68F772A02567A231001FA363 /* Models */ = {
			isa = PBXGroup;
			children = (
				68F772BD2567A77F001FA363 /* Restaurant.swift */,
				68EFB802256C7D90006037A3 /* Meal.swift */,
				68F772A12567A256001FA363 /* JSONHelper.swift */,
				6866EDAC25663EFF00105E06 /* RestaurantSample.json */,
			);
			path = Models;
			sourceTree = "<group>";
		};
		68F772C825683F18001FA363 /* ImageLoadingExample */ = {
			isa = PBXGroup;
			children = (
				68F772CE25685925001FA363 /* ImageLoader.swift */,
				68F772F12569F697001FA363 /* ImageDisplayViewController.swift */,
			);
			path = ImageLoadingExample;
			sourceTree = "<group>";
		};
		68F772E12569F418001FA363 /* Views */ = {
			isa = PBXGroup;
			children = (
				68F772982567A05F001FA363 /* ListTableViewCell.swift */,
				68F772E32569F46A001FA363 /* RatingView.swift */,
			);
			path = Views;
			sourceTree = "<group>";
		};
		68F772E22569F438001FA363 /* Controllers */ = {
			isa = PBXGroup;
			children = (
				6816E8BF25661821007166CB /* ListViewController.swift */,
				68F772D92569EBBE001FA363 /* ListDetailViewController.swift */,
			);
			path = Controllers;
			sourceTree = "<group>";
		};
/* End PBXGroup section */

/* Begin PBXNativeTarget section */
		6816E8B725661821007166CB /* InterviewPractices */ = {
			isa = PBXNativeTarget;
			buildConfigurationList = 6816E8E225661822007166CB /* Build configuration list for PBXNativeTarget "InterviewPractices" */;
			buildPhases = (
				6816E8B425661821007166CB /* Sources */,
				6816E8B525661821007166CB /* Frameworks */,
				6816E8B625661821007166CB /* Resources */,
			);
			buildRules = (
			);
			dependencies = (
			);
			name = InterviewPractices;
			productName = InterviewPractices;
			productReference = 6816E8B825661821007166CB /* InterviewPractices.app */;
			productType = "com.apple.product-type.application";
		};
		6816E8CD25661822007166CB /* InterviewPracticesTests */ = {
			isa = PBXNativeTarget;
			buildConfigurationList = 6816E8E525661822007166CB /* Build configuration list for PBXNativeTarget "InterviewPracticesTests" */;
			buildPhases = (
				6816E8CA25661822007166CB /* Sources */,
				6816E8CB25661822007166CB /* Frameworks */,
				6816E8CC25661822007166CB /* Resources */,
			);
			buildRules = (
			);
			dependencies = (
				6816E8D025661822007166CB /* PBXTargetDependency */,
			);
			name = InterviewPracticesTests;
			productName = InterviewPracticesTests;
			productReference = 6816E8CE25661822007166CB /* InterviewPracticesTests.xctest */;
			productType = "com.apple.product-type.bundle.unit-test";
		};
/* End PBXNativeTarget section */

/* Begin PBXProject section */
		6816E8B025661821007166CB /* Project object */ = {
			isa = PBXProject;
			attributes = {
				LastSwiftUpdateCheck = 1220;
				LastUpgradeCheck = 1220;
				TargetAttributes = {
					6816E8B725661821007166CB = {
						CreatedOnToolsVersion = 12.2;
					};
					6816E8CD25661822007166CB = {
						CreatedOnToolsVersion = 12.2;
						LastSwiftMigration = 1220;
						TestTargetID = 6816E8B725661821007166CB;
					};
				};
			};
			buildConfigurationList = 6816E8B325661821007166CB /* Build configuration list for PBXProject "InterviewPractices" */;
			compatibilityVersion = "Xcode 9.3";
			developmentRegion = en;
			hasScannedForEncodings = 0;
			knownRegions = (
				en,
				Base,
			);
			mainGroup = 6816E8AF25661821007166CB;
			productRefGroup = 6816E8B925661821007166CB /* Products */;
			projectDirPath = "";
			projectRoot = "";
			targets = (
				6816E8B725661821007166CB /* InterviewPractices */,
				6816E8CD25661822007166CB /* InterviewPracticesTests */,
			);
		};
/* End PBXProject section */

/* Begin PBXResourcesBuildPhase section */
		6816E8B625661821007166CB /* Resources */ = {
			isa = PBXResourcesBuildPhase;
			buildActionMask = 2147483647;
			files = (
				6816E8F625663C0F007166CB /* Main.storyboard in Resources */,
				6866EDAD25663F0000105E06 /* RestaurantSample.json in Resources */,
				6816E8C825661822007166CB /* LaunchScreen.storyboard in Resources */,
				6816E8C525661822007166CB /* Assets.xcassets in Resources */,
			);
			runOnlyForDeploymentPostprocessing = 0;
		};
		6816E8CC25661822007166CB /* Resources */ = {
			isa = PBXResourcesBuildPhase;
			buildActionMask = 2147483647;
			files = (
				68EFB924256D984A006037A3 /* TestSample.json in Resources */,
			);
			runOnlyForDeploymentPostprocessing = 0;
		};
/* End PBXResourcesBuildPhase section */

/* Begin PBXSourcesBuildPhase section */
		6816E8B425661821007166CB /* Sources */ = {
			isa = PBXSourcesBuildPhase;
			buildActionMask = 2147483647;
			files = (
				68F772F22569F697001FA363 /* ImageDisplayViewController.swift in Sources */,
				68F772BE2567A77F001FA363 /* Restaurant.swift in Sources */,
				68F772992567A05F001FA363 /* ListTableViewCell.swift in Sources */,
				68F772CF25685925001FA363 /* ImageLoader.swift in Sources */,
				6866EE03256648DB00105E06 /* UIStackView+Extensions.swift in Sources */,
				68F772A22567A256001FA363 /* JSONHelper.swift in Sources */,
				6816E8C025661821007166CB /* ListViewController.swift in Sources */,
				6866EE04256648DB00105E06 /* UIViewController+Extensions.swift in Sources */,
				6866EE01256648DB00105E06 /* UIButton+Extensions.swift in Sources */,
				6866EE00256648DB00105E06 /* UIColor+Extensions.swift in Sources */,
				68F772DA2569EBBE001FA363 /* ListDetailViewController.swift in Sources */,
				68EFB934256D9978006037A3 /* Constants.swift in Sources */,
				6816E8BC25661821007166CB /* AppDelegate.swift in Sources */,
				6866EDFF256648DB00105E06 /* UIImage+Extensions.swift in Sources */,
				6845E36F256B1C3F002BF781 /* MenuViewController.swift in Sources */,
				68F772E42569F46A001FA363 /* RatingView.swift in Sources */,
				6845E37B256B3C84002BF781 /* MHButton.swift in Sources */,
				68EFB803256C7D90006037A3 /* Meal.swift in Sources */,
				49E1D14925707F0E00741F61 /* main.swift in Sources */,
				6816E8BE25661821007166CB /* SceneDelegate.swift in Sources */,
				6866EE02256648DB00105E06 /* UIView+Extensions.swift in Sources */,
				6866EDFE256648DB00105E06 /* Extensions.swift in Sources */,
			);
			runOnlyForDeploymentPostprocessing = 0;
		};
		6816E8CA25661822007166CB /* Sources */ = {
			isa = PBXSourcesBuildPhase;
			buildActionMask = 2147483647;
			files = (
				49AC5F7525706B990012052F /* ImageDisplayControllerTests.swift in Sources */,
				68EFBAA3256E1D07006037A3 /* JSONParsingControllerTests.swift in Sources */,
				68EFBA8D256DB62C006037A3 /* ImageDisplayModelTests.swift in Sources */,
				49E1D14325707B0900741F61 /* MenuViewControllerTests.swift in Sources */,
				68EFB92C256D9896006037A3 /* MockClasses.swift in Sources */,
				68EFB7E0256C76CF006037A3 /* JSONParsingModelTests.swift in Sources */,
			);
			runOnlyForDeploymentPostprocessing = 0;
		};
/* End PBXSourcesBuildPhase section */

/* Begin PBXTargetDependency section */
		6816E8D025661822007166CB /* PBXTargetDependency */ = {
			isa = PBXTargetDependency;
			target = 6816E8B725661821007166CB /* InterviewPractices */;
			targetProxy = 6816E8CF25661822007166CB /* PBXContainerItemProxy */;
		};
/* End PBXTargetDependency section */

/* Begin PBXVariantGroup section */
		6816E8C625661822007166CB /* LaunchScreen.storyboard */ = {
			isa = PBXVariantGroup;
			children = (
				6816E8C725661822007166CB /* Base */,
			);
			name = LaunchScreen.storyboard;
			sourceTree = "<group>";
		};
/* End PBXVariantGroup section */

/* Begin XCBuildConfiguration section */
		6816E8E025661822007166CB /* Debug */ = {
			isa = XCBuildConfiguration;
			buildSettings = {
				ALWAYS_SEARCH_USER_PATHS = NO;
				CLANG_ANALYZER_NONNULL = YES;
				CLANG_ANALYZER_NUMBER_OBJECT_CONVERSION = YES_AGGRESSIVE;
				CLANG_CXX_LANGUAGE_STANDARD = "gnu++14";
				CLANG_CXX_LIBRARY = "libc++";
				CLANG_ENABLE_MODULES = YES;
				CLANG_ENABLE_OBJC_ARC = YES;
				CLANG_ENABLE_OBJC_WEAK = YES;
				CLANG_WARN_BLOCK_CAPTURE_AUTORELEASING = YES;
				CLANG_WARN_BOOL_CONVERSION = YES;
				CLANG_WARN_COMMA = YES;
				CLANG_WARN_CONSTANT_CONVERSION = YES;
				CLANG_WARN_DEPRECATED_OBJC_IMPLEMENTATIONS = YES;
				CLANG_WARN_DIRECT_OBJC_ISA_USAGE = YES_ERROR;
				CLANG_WARN_DOCUMENTATION_COMMENTS = YES;
				CLANG_WARN_EMPTY_BODY = YES;
				CLANG_WARN_ENUM_CONVERSION = YES;
				CLANG_WARN_INFINITE_RECURSION = YES;
				CLANG_WARN_INT_CONVERSION = YES;
				CLANG_WARN_NON_LITERAL_NULL_CONVERSION = YES;
				CLANG_WARN_OBJC_IMPLICIT_RETAIN_SELF = YES;
				CLANG_WARN_OBJC_LITERAL_CONVERSION = YES;
				CLANG_WARN_OBJC_ROOT_CLASS = YES_ERROR;
				CLANG_WARN_QUOTED_INCLUDE_IN_FRAMEWORK_HEADER = YES;
				CLANG_WARN_RANGE_LOOP_ANALYSIS = YES;
				CLANG_WARN_STRICT_PROTOTYPES = YES;
				CLANG_WARN_SUSPICIOUS_MOVE = YES;
				CLANG_WARN_UNGUARDED_AVAILABILITY = YES_AGGRESSIVE;
				CLANG_WARN_UNREACHABLE_CODE = YES;
				CLANG_WARN__DUPLICATE_METHOD_MATCH = YES;
				COPY_PHASE_STRIP = NO;
				DEBUG_INFORMATION_FORMAT = dwarf;
				ENABLE_STRICT_OBJC_MSGSEND = YES;
				ENABLE_TESTABILITY = YES;
				GCC_C_LANGUAGE_STANDARD = gnu11;
				GCC_DYNAMIC_NO_PIC = NO;
				GCC_NO_COMMON_BLOCKS = YES;
				GCC_OPTIMIZATION_LEVEL = 0;
				GCC_PREPROCESSOR_DEFINITIONS = (
					"DEBUG=1",
					"$(inherited)",
				);
				GCC_WARN_64_TO_32_BIT_CONVERSION = YES;
				GCC_WARN_ABOUT_RETURN_TYPE = YES_ERROR;
				GCC_WARN_UNDECLARED_SELECTOR = YES;
				GCC_WARN_UNINITIALIZED_AUTOS = YES_AGGRESSIVE;
				GCC_WARN_UNUSED_FUNCTION = YES;
				GCC_WARN_UNUSED_VARIABLE = YES;
				INFOPLIST_FILE = "";
				IPHONEOS_DEPLOYMENT_TARGET = 13.0;
				MTL_ENABLE_DEBUG_INFO = INCLUDE_SOURCE;
				MTL_FAST_MATH = YES;
				ONLY_ACTIVE_ARCH = YES;
				SDKROOT = iphoneos;
				SWIFT_ACTIVE_COMPILATION_CONDITIONS = DEBUG;
				SWIFT_OPTIMIZATION_LEVEL = "-Onone";
			};
			name = Debug;
		};
		6816E8E125661822007166CB /* Release */ = {
			isa = XCBuildConfiguration;
			buildSettings = {
				ALWAYS_SEARCH_USER_PATHS = NO;
				CLANG_ANALYZER_NONNULL = YES;
				CLANG_ANALYZER_NUMBER_OBJECT_CONVERSION = YES_AGGRESSIVE;
				CLANG_CXX_LANGUAGE_STANDARD = "gnu++14";
				CLANG_CXX_LIBRARY = "libc++";
				CLANG_ENABLE_MODULES = YES;
				CLANG_ENABLE_OBJC_ARC = YES;
				CLANG_ENABLE_OBJC_WEAK = YES;
				CLANG_WARN_BLOCK_CAPTURE_AUTORELEASING = YES;
				CLANG_WARN_BOOL_CONVERSION = YES;
				CLANG_WARN_COMMA = YES;
				CLANG_WARN_CONSTANT_CONVERSION = YES;
				CLANG_WARN_DEPRECATED_OBJC_IMPLEMENTATIONS = YES;
				CLANG_WARN_DIRECT_OBJC_ISA_USAGE = YES_ERROR;
				CLANG_WARN_DOCUMENTATION_COMMENTS = YES;
				CLANG_WARN_EMPTY_BODY = YES;
				CLANG_WARN_ENUM_CONVERSION = YES;
				CLANG_WARN_INFINITE_RECURSION = YES;
				CLANG_WARN_INT_CONVERSION = YES;
				CLANG_WARN_NON_LITERAL_NULL_CONVERSION = YES;
				CLANG_WARN_OBJC_IMPLICIT_RETAIN_SELF = YES;
				CLANG_WARN_OBJC_LITERAL_CONVERSION = YES;
				CLANG_WARN_OBJC_ROOT_CLASS = YES_ERROR;
				CLANG_WARN_QUOTED_INCLUDE_IN_FRAMEWORK_HEADER = YES;
				CLANG_WARN_RANGE_LOOP_ANALYSIS = YES;
				CLANG_WARN_STRICT_PROTOTYPES = YES;
				CLANG_WARN_SUSPICIOUS_MOVE = YES;
				CLANG_WARN_UNGUARDED_AVAILABILITY = YES_AGGRESSIVE;
				CLANG_WARN_UNREACHABLE_CODE = YES;
				CLANG_WARN__DUPLICATE_METHOD_MATCH = YES;
				COPY_PHASE_STRIP = NO;
				DEBUG_INFORMATION_FORMAT = "dwarf-with-dsym";
				ENABLE_NS_ASSERTIONS = NO;
				ENABLE_STRICT_OBJC_MSGSEND = YES;
				GCC_C_LANGUAGE_STANDARD = gnu11;
				GCC_NO_COMMON_BLOCKS = YES;
				GCC_WARN_64_TO_32_BIT_CONVERSION = YES;
				GCC_WARN_ABOUT_RETURN_TYPE = YES_ERROR;
				GCC_WARN_UNDECLARED_SELECTOR = YES;
				GCC_WARN_UNINITIALIZED_AUTOS = YES_AGGRESSIVE;
				GCC_WARN_UNUSED_FUNCTION = YES;
				GCC_WARN_UNUSED_VARIABLE = YES;
				INFOPLIST_FILE = "";
				IPHONEOS_DEPLOYMENT_TARGET = 13.0;
				MTL_ENABLE_DEBUG_INFO = NO;
				MTL_FAST_MATH = YES;
				SDKROOT = iphoneos;
				SWIFT_COMPILATION_MODE = wholemodule;
				SWIFT_OPTIMIZATION_LEVEL = "-O";
				VALIDATE_PRODUCT = YES;
			};
			name = Release;
		};
		6816E8E325661822007166CB /* Debug */ = {
			isa = XCBuildConfiguration;
			buildSettings = {
				ASSETCATALOG_COMPILER_APPICON_NAME = AppIcon;
				ASSETCATALOG_COMPILER_GLOBAL_ACCENT_COLOR_NAME = AccentColor;
				CODE_SIGN_IDENTITY = "Apple Development";
				CODE_SIGN_STYLE = Automatic;
				DEVELOPMENT_TEAM = "";
				INFOPLIST_FILE = "$(PROJECT_NAME)/Info.plist";
				LD_RUNPATH_SEARCH_PATHS = (
					"$(inherited)",
					"@executable_path/Frameworks",
				);
				PRODUCT_BUNDLE_IDENTIFIER = com.michaelho.InterviewPractices;
				PRODUCT_NAME = "$(TARGET_NAME)";
				PROVISIONING_PROFILE_SPECIFIER = "";
				SWIFT_VERSION = 5.0;
				TARGETED_DEVICE_FAMILY = "1,2";
			};
			name = Debug;
		};
		6816E8E425661822007166CB /* Release */ = {
			isa = XCBuildConfiguration;
			buildSettings = {
				ASSETCATALOG_COMPILER_APPICON_NAME = AppIcon;
				ASSETCATALOG_COMPILER_GLOBAL_ACCENT_COLOR_NAME = AccentColor;
				CODE_SIGN_IDENTITY = "Apple Development";
				CODE_SIGN_STYLE = Automatic;
				DEVELOPMENT_TEAM = "";
				INFOPLIST_FILE = "$(PROJECT_NAME)/Info.plist";
				LD_RUNPATH_SEARCH_PATHS = (
					"$(inherited)",
					"@executable_path/Frameworks",
				);
				PRODUCT_BUNDLE_IDENTIFIER = com.michaelho.InterviewPractices;
				PRODUCT_NAME = "$(TARGET_NAME)";
				PROVISIONING_PROFILE_SPECIFIER = "";
				SWIFT_VERSION = 5.0;
				TARGETED_DEVICE_FAMILY = "1,2";
			};
			name = Release;
		};
		6816E8E625661822007166CB /* Debug */ = {
			isa = XCBuildConfiguration;
			buildSettings = {
				ALWAYS_EMBED_SWIFT_STANDARD_LIBRARIES = YES;
				BUNDLE_LOADER = "$(TEST_HOST)";
				CLANG_ENABLE_MODULES = YES;
				CODE_SIGN_IDENTITY = "Apple Development";
				"CODE_SIGN_IDENTITY[sdk=macosx*]" = "Apple Development";
				CODE_SIGN_STYLE = Automatic;
				DEVELOPMENT_TEAM = "";
				INFOPLIST_FILE = InterviewPracticesTests/Info.plist;
				IPHONEOS_DEPLOYMENT_TARGET = 14.0;
				LD_RUNPATH_SEARCH_PATHS = (
					"$(inherited)",
					"@executable_path/Frameworks",
					"@loader_path/Frameworks",
				);
				PRODUCT_BUNDLE_IDENTIFIER = com.michaelho.InterviewPracticesTests;
				PRODUCT_NAME = "$(TARGET_NAME)";
				PROVISIONING_PROFILE_SPECIFIER = "";
				"PROVISIONING_PROFILE_SPECIFIER[sdk=macosx*]" = "";
				SWIFT_OPTIMIZATION_LEVEL = "-Onone";
				SWIFT_VERSION = 5.0;
				TARGETED_DEVICE_FAMILY = "1,2";
				TEST_HOST = "$(BUILT_PRODUCTS_DIR)/InterviewPractices.app/InterviewPractices";
			};
			name = Debug;
		};
		6816E8E725661822007166CB /* Release */ = {
			isa = XCBuildConfiguration;
			buildSettings = {
				ALWAYS_EMBED_SWIFT_STANDARD_LIBRARIES = YES;
				BUNDLE_LOADER = "$(TEST_HOST)";
				CLANG_ENABLE_MODULES = YES;
				CODE_SIGN_IDENTITY = "Apple Development";
				"CODE_SIGN_IDENTITY[sdk=macosx*]" = "Apple Development";
				CODE_SIGN_STYLE = Automatic;
				DEVELOPMENT_TEAM = "";
				INFOPLIST_FILE = InterviewPracticesTests/Info.plist;
				IPHONEOS_DEPLOYMENT_TARGET = 14.0;
				LD_RUNPATH_SEARCH_PATHS = (
					"$(inherited)",
					"@executable_path/Frameworks",
					"@loader_path/Frameworks",
				);
				PRODUCT_BUNDLE_IDENTIFIER = com.michaelho.InterviewPracticesTests;
				PRODUCT_NAME = "$(TARGET_NAME)";
				PROVISIONING_PROFILE_SPECIFIER = "";
				"PROVISIONING_PROFILE_SPECIFIER[sdk=macosx*]" = "";
				SWIFT_VERSION = 5.0;
				TARGETED_DEVICE_FAMILY = "1,2";
				TEST_HOST = "$(BUILT_PRODUCTS_DIR)/InterviewPractices.app/InterviewPractices";
			};
			name = Release;
		};
/* End XCBuildConfiguration section */

/* Begin XCConfigurationList section */
		6816E8B325661821007166CB /* Build configuration list for PBXProject "InterviewPractices" */ = {
			isa = XCConfigurationList;
			buildConfigurations = (
				6816E8E025661822007166CB /* Debug */,
				6816E8E125661822007166CB /* Release */,
			);
			defaultConfigurationIsVisible = 0;
			defaultConfigurationName = Release;
		};
		6816E8E225661822007166CB /* Build configuration list for PBXNativeTarget "InterviewPractices" */ = {
			isa = XCConfigurationList;
			buildConfigurations = (
				6816E8E325661822007166CB /* Debug */,
				6816E8E425661822007166CB /* Release */,
			);
			defaultConfigurationIsVisible = 0;
			defaultConfigurationName = Release;
		};
		6816E8E525661822007166CB /* Build configuration list for PBXNativeTarget "InterviewPracticesTests" */ = {
			isa = XCConfigurationList;
			buildConfigurations = (
				6816E8E625661822007166CB /* Debug */,
				6816E8E725661822007166CB /* Release */,
			);
			defaultConfigurationIsVisible = 0;
			defaultConfigurationName = Release;
		};
/* End XCConfigurationList section */
	};
	rootObject = 6816E8B025661821007166CB /* Project object */;
}
